# THIS IS AN AUTOGENERATED FILE. DO NOT EDIT THIS FILE DIRECTLY.
# yarn lockfile v1


material-ui-confirm@^2.1.1:
  version "2.1.1"
  resolved "https://registry.yarnpkg.com/material-ui-confirm/-/material-ui-confirm-2.1.1.tgz#dbc3ff66502a183966a3f0a2ebb2ff8ba22a148d"
  integrity sha512-d671LgozdJP54buZTv+Eemo0ySYTCXF3QqfYKO7axoG/8g659G5+aD7PovYupsfSSOXOzyzpYRhjbIhE4yrPHA==
